
Microsoft Visual Studio Solution File, Format Version 12.00
# Visual Studio Version 16
VisualStudioVersion = 16.0.30406.217
MinimumVisualStudioVersion = 10.0.40219.1
Project("{FAE04EC0-301F-11D3-BF4B-00C04F79EFBC}") = "IntellisenseIssue", "IntellisenseIssue\IntellisenseIssue.csproj", "{8F6EF5CB-A388-4727-A300-9F95EC486158}"
EndProject
Global
	GlobalSection(SolutionConfigurationPlatforms) = preSolution
		Debug|Any CPU = Debug|Any CPU
		Release|Any CPU = Release|Any CPU
	EndGlobalSection
	GlobalSection(ProjectConfigurationPlatforms) = postSolution
		{8F6EF5CB-A388-4727-A300-9F95EC486158}.Debug|Any CPU.ActiveCfg = Debug|Any CPU
		{8F6EF5CB-A388-4727-A300-9F95EC486158}.Debug|Any CPU.Build.0 = Debug|Any CPU
		{8F6EF5CB-A388-4727-A300-9F95EC486158}.Release|Any CPU.ActiveCfg = Release|Any CPU
		{8F6EF5CB-A388-4727-A300-9F95EC486158}.Release|Any CPU.Build.0 = Release|Any CPU
	EndGlobalSection
	GlobalSection(SolutionProperties) = preSolution
		HideSolutionNode = FALSE
	EndGlobalSection
	GlobalSection(ExtensibilityGlobals) = postSolution
		SolutionGuid = {F9591B36-5811-4B81-8BC4-96D83651597C}
	EndGlobalSection
EndGlobal
